// !$*UTF8*$!
{
	archiveVersion = 1;
	classes = {
	};
	objectVersion = 56;
	objects = {

/* Begin PBXBuildFile section */
		8AFFC82329940D43003CBB1F /* MiniKeepsafeApp.swift in Sources */ = {isa = PBXBuildFile; fileRef = 8AFFC82229940D43003CBB1F /* MiniKeepsafeApp.swift */; };
		8AFFC82729940D44003CBB1F /* Assets.xcassets in Resources */ = {isa = PBXBuildFile; fileRef = 8AFFC82629940D44003CBB1F /* Assets.xcassets */; };
		8AFFC82A29940D44003CBB1F /* Preview Assets.xcassets in Resources */ = {isa = PBXBuildFile; fileRef = 8AFFC82929940D44003CBB1F /* Preview Assets.xcassets */; };
		8AFFC83429940D44003CBB1F /* MiniKeepsafeTests.swift in Sources */ = {isa = PBXBuildFile; fileRef = 8AFFC83329940D44003CBB1F /* MiniKeepsafeTests.swift */; };
		8AFFC83E29940D44003CBB1F /* MiniKeepsafeUITests.swift in Sources */ = {isa = PBXBuildFile; fileRef = 8AFFC83D29940D44003CBB1F /* MiniKeepsafeUITests.swift */; };
		8AFFC84029940D44003CBB1F /* MiniKeepsafeUITestsLaunchTests.swift in Sources */ = {isa = PBXBuildFile; fileRef = 8AFFC83F29940D44003CBB1F /* MiniKeepsafeUITestsLaunchTests.swift */; };
		8AFFC84F29940D89003CBB1F /* GridViewFeature+View.swift in Sources */ = {isa = PBXBuildFile; fileRef = 8AFFC84E29940D89003CBB1F /* GridViewFeature+View.swift */; };
		8AFFC85229940E73003CBB1F /* ComposableArchitecture in Frameworks */ = {isa = PBXBuildFile; productRef = 8AFFC85129940E73003CBB1F /* ComposableArchitecture */; };
		8AFFC85429941BB1003CBB1F /* GridViewFeature+Mocks.swift in Sources */ = {isa = PBXBuildFile; fileRef = 8AFFC85329941BB1003CBB1F /* GridViewFeature+Mocks.swift */; };
		8AFFC85829941CB4003CBB1F /* APIClient.swift in Sources */ = {isa = PBXBuildFile; fileRef = 8AFFC85729941CB4003CBB1F /* APIClient.swift */; };
		8AFFC85A2994410C003CBB1F /* RemoteImage.swift in Sources */ = {isa = PBXBuildFile; fileRef = 8AFFC8592994410C003CBB1F /* RemoteImage.swift */; };
		8AFFC8602994420C003CBB1F /* GridViewFeature+Domain.swift in Sources */ = {isa = PBXBuildFile; fileRef = 8AFFC85F2994420C003CBB1F /* GridViewFeature+Domain.swift */; };
		8AFFC863299443A7003CBB1F /* FullscreenViewer+View.swift in Sources */ = {isa = PBXBuildFile; fileRef = 8AFFC862299443A7003CBB1F /* FullscreenViewer+View.swift */; };
		8AFFC865299444F7003CBB1F /* FullscreenViewer+Mocks.swift in Sources */ = {isa = PBXBuildFile; fileRef = 8AFFC864299444F7003CBB1F /* FullscreenViewer+Mocks.swift */; };
/* End PBXBuildFile section */

/* Begin PBXContainerItemProxy section */
		8AFFC83029940D44003CBB1F /* PBXContainerItemProxy */ = {
			isa = PBXContainerItemProxy;
			containerPortal = 8AFFC81729940D43003CBB1F /* Project object */;
			proxyType = 1;
			remoteGlobalIDString = 8AFFC81E29940D43003CBB1F;
			remoteInfo = MiniKeepsafe;
		};
		8AFFC83A29940D44003CBB1F /* PBXContainerItemProxy */ = {
			isa = PBXContainerItemProxy;
			containerPortal = 8AFFC81729940D43003CBB1F /* Project object */;
			proxyType = 1;
			remoteGlobalIDString = 8AFFC81E29940D43003CBB1F;
			remoteInfo = MiniKeepsafe;
		};
/* End PBXContainerItemProxy section */

/* Begin PBXFileReference section */
		8AFFC81F29940D43003CBB1F /* MiniKeepsafe.app */ = {isa = PBXFileReference; explicitFileType = wrapper.application; includeInIndex = 0; path = MiniKeepsafe.app; sourceTree = BUILT_PRODUCTS_DIR; };
		8AFFC82229940D43003CBB1F /* MiniKeepsafeApp.swift */ = {isa = PBXFileReference; lastKnownFileType = sourcecode.swift; path = MiniKeepsafeApp.swift; sourceTree = "<group>"; };
		8AFFC82629940D44003CBB1F /* Assets.xcassets */ = {isa = PBXFileReference; lastKnownFileType = folder.assetcatalog; path = Assets.xcassets; sourceTree = "<group>"; };
		8AFFC82929940D44003CBB1F /* Preview Assets.xcassets */ = {isa = PBXFileReference; lastKnownFileType = folder.assetcatalog; path = "Preview Assets.xcassets"; sourceTree = "<group>"; };
		8AFFC82F29940D44003CBB1F /* MiniKeepsafeTests.xctest */ = {isa = PBXFileReference; explicitFileType = wrapper.cfbundle; includeInIndex = 0; path = MiniKeepsafeTests.xctest; sourceTree = BUILT_PRODUCTS_DIR; };
		8AFFC83329940D44003CBB1F /* MiniKeepsafeTests.swift */ = {isa = PBXFileReference; lastKnownFileType = sourcecode.swift; path = MiniKeepsafeTests.swift; sourceTree = "<group>"; };
		8AFFC83929940D44003CBB1F /* MiniKeepsafeUITests.xctest */ = {isa = PBXFileReference; explicitFileType = wrapper.cfbundle; includeInIndex = 0; path = MiniKeepsafeUITests.xctest; sourceTree = BUILT_PRODUCTS_DIR; };
		8AFFC83D29940D44003CBB1F /* MiniKeepsafeUITests.swift */ = {isa = PBXFileReference; lastKnownFileType = sourcecode.swift; path = MiniKeepsafeUITests.swift; sourceTree = "<group>"; };
		8AFFC83F29940D44003CBB1F /* MiniKeepsafeUITestsLaunchTests.swift */ = {isa = PBXFileReference; lastKnownFileType = sourcecode.swift; path = MiniKeepsafeUITestsLaunchTests.swift; sourceTree = "<group>"; };
		8AFFC84E29940D89003CBB1F /* GridViewFeature+View.swift */ = {isa = PBXFileReference; lastKnownFileType = sourcecode.swift; path = "GridViewFeature+View.swift"; sourceTree = "<group>"; };
		8AFFC85329941BB1003CBB1F /* GridViewFeature+Mocks.swift */ = {isa = PBXFileReference; lastKnownFileType = sourcecode.swift; path = "GridViewFeature+Mocks.swift"; sourceTree = "<group>"; };
		8AFFC85729941CB4003CBB1F /* APIClient.swift */ = {isa = PBXFileReference; lastKnownFileType = sourcecode.swift; path = APIClient.swift; sourceTree = "<group>"; };
		8AFFC8592994410C003CBB1F /* RemoteImage.swift */ = {isa = PBXFileReference; lastKnownFileType = sourcecode.swift; path = RemoteImage.swift; sourceTree = "<group>"; };
		8AFFC85F2994420C003CBB1F /* GridViewFeature+Domain.swift */ = {isa = PBXFileReference; lastKnownFileType = sourcecode.swift; path = "GridViewFeature+Domain.swift"; sourceTree = "<group>"; };
		8AFFC862299443A7003CBB1F /* FullscreenViewer+View.swift */ = {isa = PBXFileReference; lastKnownFileType = sourcecode.swift; path = "FullscreenViewer+View.swift"; sourceTree = "<group>"; };
		8AFFC864299444F7003CBB1F /* FullscreenViewer+Mocks.swift */ = {isa = PBXFileReference; lastKnownFileType = sourcecode.swift; path = "FullscreenViewer+Mocks.swift"; sourceTree = "<group>"; };
/* End PBXFileReference section */

/* Begin PBXFrameworksBuildPhase section */
		8AFFC81C29940D43003CBB1F /* Frameworks */ = {
			isa = PBXFrameworksBuildPhase;
			buildActionMask = 2147483647;
			files = (
				8AFFC85229940E73003CBB1F /* ComposableArchitecture in Frameworks */,
			);
			runOnlyForDeploymentPostprocessing = 0;
		};
		8AFFC82C29940D44003CBB1F /* Frameworks */ = {
			isa = PBXFrameworksBuildPhase;
			buildActionMask = 2147483647;
			files = (
			);
			runOnlyForDeploymentPostprocessing = 0;
		};
		8AFFC83629940D44003CBB1F /* Frameworks */ = {
			isa = PBXFrameworksBuildPhase;
			buildActionMask = 2147483647;
			files = (
			);
			runOnlyForDeploymentPostprocessing = 0;
		};
/* End PBXFrameworksBuildPhase section */

/* Begin PBXGroup section */
		8AFFC81629940D43003CBB1F = {
			isa = PBXGroup;
			children = (
				8AFFC82129940D43003CBB1F /* MiniKeepsafe */,
				8AFFC83229940D44003CBB1F /* MiniKeepsafeTests */,
				8AFFC83C29940D44003CBB1F /* MiniKeepsafeUITests */,
				8AFFC82029940D43003CBB1F /* Products */,
			);
			sourceTree = "<group>";
		};
		8AFFC82029940D43003CBB1F /* Products */ = {
			isa = PBXGroup;
			children = (
				8AFFC81F29940D43003CBB1F /* MiniKeepsafe.app */,
				8AFFC82F29940D44003CBB1F /* MiniKeepsafeTests.xctest */,
				8AFFC83929940D44003CBB1F /* MiniKeepsafeUITests.xctest */,
			);
			name = Products;
			sourceTree = "<group>";
		};
		8AFFC82129940D43003CBB1F /* MiniKeepsafe */ = {
			isa = PBXGroup;
			children = (
				8AFFC8612994438F003CBB1F /* FullscreenViewerFeature */,
				8AFFC85E299441B3003CBB1F /* Assets */,
				8AFFC85D299441A6003CBB1F /* Models */,
				8AFFC85C2994419C003CBB1F /* APIClient */,
				8AFFC85B29944190003CBB1F /* GridViewFeature */,
				8AFFC82229940D43003CBB1F /* MiniKeepsafeApp.swift */,
				8AFFC82829940D44003CBB1F /* Preview Content */,
			);
			path = MiniKeepsafe;
			sourceTree = "<group>";
		};
		8AFFC82829940D44003CBB1F /* Preview Content */ = {
			isa = PBXGroup;
			children = (
				8AFFC82929940D44003CBB1F /* Preview Assets.xcassets */,
			);
			path = "Preview Content";
			sourceTree = "<group>";
		};
		8AFFC83229940D44003CBB1F /* MiniKeepsafeTests */ = {
			isa = PBXGroup;
			children = (
				8AFFC83329940D44003CBB1F /* MiniKeepsafeTests.swift */,
			);
			path = MiniKeepsafeTests;
			sourceTree = "<group>";
		};
		8AFFC83C29940D44003CBB1F /* MiniKeepsafeUITests */ = {
			isa = PBXGroup;
			children = (
				8AFFC83D29940D44003CBB1F /* MiniKeepsafeUITests.swift */,
				8AFFC83F29940D44003CBB1F /* MiniKeepsafeUITestsLaunchTests.swift */,
			);
			path = MiniKeepsafeUITests;
			sourceTree = "<group>";
		};
		8AFFC85B29944190003CBB1F /* GridViewFeature */ = {
			isa = PBXGroup;
			children = (
				8AFFC84E29940D89003CBB1F /* GridViewFeature+View.swift */,
				8AFFC85F2994420C003CBB1F /* GridViewFeature+Domain.swift */,
				8AFFC85329941BB1003CBB1F /* GridViewFeature+Mocks.swift */,
			);
			path = GridViewFeature;
			sourceTree = "<group>";
		};
		8AFFC85C2994419C003CBB1F /* APIClient */ = {
			isa = PBXGroup;
			children = (
				8AFFC85729941CB4003CBB1F /* APIClient.swift */,
			);
			path = APIClient;
			sourceTree = "<group>";
		};
		8AFFC85D299441A6003CBB1F /* Models */ = {
			isa = PBXGroup;
			children = (
				8AFFC8592994410C003CBB1F /* RemoteImage.swift */,
			);
			path = Models;
			sourceTree = "<group>";
		};
		8AFFC85E299441B3003CBB1F /* Assets */ = {
			isa = PBXGroup;
			children = (
				8AFFC82629940D44003CBB1F /* Assets.xcassets */,
			);
			path = Assets;
			sourceTree = "<group>";
		};
		8AFFC8612994438F003CBB1F /* FullscreenViewerFeature */ = {
			isa = PBXGroup;
			children = (
				8AFFC862299443A7003CBB1F /* FullscreenViewer+View.swift */,
				8AFFC864299444F7003CBB1F /* FullscreenViewer+Mocks.swift */,
			);
			path = FullscreenViewerFeature;
			sourceTree = "<group>";
		};
/* End PBXGroup section */

/* Begin PBXNativeTarget section */
		8AFFC81E29940D43003CBB1F /* MiniKeepsafe */ = {
			isa = PBXNativeTarget;
			buildConfigurationList = 8AFFC84329940D44003CBB1F /* Build configuration list for PBXNativeTarget "MiniKeepsafe" */;
			buildPhases = (
				8AFFC81B29940D43003CBB1F /* Sources */,
				8AFFC81C29940D43003CBB1F /* Frameworks */,
				8AFFC81D29940D43003CBB1F /* Resources */,
			);
			buildRules = (
			);
			dependencies = (
			);
			name = MiniKeepsafe;
			packageProductDependencies = (
				8AFFC85129940E73003CBB1F /* ComposableArchitecture */,
			);
			productName = MiniKeepsafe;
			productReference = 8AFFC81F29940D43003CBB1F /* MiniKeepsafe.app */;
			productType = "com.apple.product-type.application";
		};
		8AFFC82E29940D44003CBB1F /* MiniKeepsafeTests */ = {
			isa = PBXNativeTarget;
			buildConfigurationList = 8AFFC84629940D44003CBB1F /* Build configuration list for PBXNativeTarget "MiniKeepsafeTests" */;
			buildPhases = (
				8AFFC82B29940D44003CBB1F /* Sources */,
				8AFFC82C29940D44003CBB1F /* Frameworks */,
				8AFFC82D29940D44003CBB1F /* Resources */,
			);
			buildRules = (
			);
			dependencies = (
				8AFFC83129940D44003CBB1F /* PBXTargetDependency */,
			);
			name = MiniKeepsafeTests;
			productName = MiniKeepsafeTests;
			productReference = 8AFFC82F29940D44003CBB1F /* MiniKeepsafeTests.xctest */;
			productType = "com.apple.product-type.bundle.unit-test";
		};
		8AFFC83829940D44003CBB1F /* MiniKeepsafeUITests */ = {
			isa = PBXNativeTarget;
			buildConfigurationList = 8AFFC84929940D44003CBB1F /* Build configuration list for PBXNativeTarget "MiniKeepsafeUITests" */;
			buildPhases = (
				8AFFC83529940D44003CBB1F /* Sources */,
				8AFFC83629940D44003CBB1F /* Frameworks */,
				8AFFC83729940D44003CBB1F /* Resources */,
			);
			buildRules = (
			);
			dependencies = (
				8AFFC83B29940D44003CBB1F /* PBXTargetDependency */,
			);
			name = MiniKeepsafeUITests;
			productName = MiniKeepsafeUITests;
			productReference = 8AFFC83929940D44003CBB1F /* MiniKeepsafeUITests.xctest */;
			productType = "com.apple.product-type.bundle.ui-testing";
		};
/* End PBXNativeTarget section */

/* Begin PBXProject section */
		8AFFC81729940D43003CBB1F /* Project object */ = {
			isa = PBXProject;
			attributes = {
				BuildIndependentTargetsInParallel = 1;
				LastSwiftUpdateCheck = 1420;
				LastUpgradeCheck = 1420;
				TargetAttributes = {
					8AFFC81E29940D43003CBB1F = {
						CreatedOnToolsVersion = 14.2;
					};
					8AFFC82E29940D44003CBB1F = {
						CreatedOnToolsVersion = 14.2;
						TestTargetID = 8AFFC81E29940D43003CBB1F;
					};
					8AFFC83829940D44003CBB1F = {
						CreatedOnToolsVersion = 14.2;
						TestTargetID = 8AFFC81E29940D43003CBB1F;
					};
				};
			};
			buildConfigurationList = 8AFFC81A29940D43003CBB1F /* Build configuration list for PBXProject "MiniKeepsafe" */;
			compatibilityVersion = "Xcode 14.0";
			developmentRegion = en;
			hasScannedForEncodings = 0;
			knownRegions = (
				en,
				Base,
			);
			mainGroup = 8AFFC81629940D43003CBB1F;
			packageReferences = (
				8AFFC85029940E73003CBB1F /* XCRemoteSwiftPackageReference "swift-composable-architecture" */,
			);
			productRefGroup = 8AFFC82029940D43003CBB1F /* Products */;
			projectDirPath = "";
			projectRoot = "";
			targets = (
				8AFFC81E29940D43003CBB1F /* MiniKeepsafe */,
				8AFFC82E29940D44003CBB1F /* MiniKeepsafeTests */,
				8AFFC83829940D44003CBB1F /* MiniKeepsafeUITests */,
			);
		};
/* End PBXProject section */

/* Begin PBXResourcesBuildPhase section */
		8AFFC81D29940D43003CBB1F /* Resources */ = {
			isa = PBXResourcesBuildPhase;
			buildActionMask = 2147483647;
			files = (
				8AFFC82A29940D44003CBB1F /* Preview Assets.xcassets in Resources */,
				8AFFC82729940D44003CBB1F /* Assets.xcassets in Resources */,
			);
			runOnlyForDeploymentPostprocessing = 0;
		};
		8AFFC82D29940D44003CBB1F /* Resources */ = {
			isa = PBXResourcesBuildPhase;
			buildActionMask = 2147483647;
			files = (
			);
			runOnlyForDeploymentPostprocessing = 0;
		};
		8AFFC83729940D44003CBB1F /* Resources */ = {
			isa = PBXResourcesBuildPhase;
			buildActionMask = 2147483647;
			files = (
			);
			runOnlyForDeploymentPostprocessing = 0;
		};
/* End PBXResourcesBuildPhase section */

/* Begin PBXSourcesBuildPhase section */
		8AFFC81B29940D43003CBB1F /* Sources */ = {
			isa = PBXSourcesBuildPhase;
			buildActionMask = 2147483647;
			files = (
				8AFFC84F29940D89003CBB1F /* GridViewFeature+View.swift in Sources */,
				8AFFC85A2994410C003CBB1F /* RemoteImage.swift in Sources */,
				8AFFC82329940D43003CBB1F /* MiniKeepsafeApp.swift in Sources */,
				8AFFC85429941BB1003CBB1F /* GridViewFeature+Mocks.swift in Sources */,
				8AFFC865299444F7003CBB1F /* FullscreenViewer+Mocks.swift in Sources */,
				8AFFC85829941CB4003CBB1F /* APIClient.swift in Sources */,
				8AFFC8602994420C003CBB1F /* GridViewFeature+Domain.swift in Sources */,
				8AFFC863299443A7003CBB1F /* FullscreenViewer+View.swift in Sources */,
			);
			runOnlyForDeploymentPostprocessing = 0;
		};
		8AFFC82B29940D44003CBB1F /* Sources */ = {
			isa = PBXSourcesBuildPhase;
			buildActionMask = 2147483647;
			files = (
				8AFFC83429940D44003CBB1F /* MiniKeepsafeTests.swift in Sources */,
			);
			runOnlyForDeploymentPostprocessing = 0;
		};
		8AFFC83529940D44003CBB1F /* Sources */ = {
			isa = PBXSourcesBuildPhase;
			buildActionMask = 2147483647;
			files = (
				8AFFC83E29940D44003CBB1F /* MiniKeepsafeUITests.swift in Sources */,
				8AFFC84029940D44003CBB1F /* MiniKeepsafeUITestsLaunchTests.swift in Sources */,
			);
			runOnlyForDeploymentPostprocessing = 0;
		};
/* End PBXSourcesBuildPhase section */

/* Begin PBXTargetDependency section */
		8AFFC83129940D44003CBB1F /* PBXTargetDependency */ = {
			isa = PBXTargetDependency;
			target = 8AFFC81E29940D43003CBB1F /* MiniKeepsafe */;
			targetProxy = 8AFFC83029940D44003CBB1F /* PBXContainerItemProxy */;
		};
		8AFFC83B29940D44003CBB1F /* PBXTargetDependency */ = {
			isa = PBXTargetDependency;
			target = 8AFFC81E29940D43003CBB1F /* MiniKeepsafe */;
			targetProxy = 8AFFC83A29940D44003CBB1F /* PBXContainerItemProxy */;
		};
/* End PBXTargetDependency section */

/* Begin XCBuildConfiguration section */
		8AFFC84129940D44003CBB1F /* Debug */ = {
			isa = XCBuildConfiguration;
			buildSettings = {
				ALWAYS_SEARCH_USER_PATHS = NO;
				CLANG_ANALYZER_NONNULL = YES;
				CLANG_ANALYZER_NUMBER_OBJECT_CONVERSION = YES_AGGRESSIVE;
				CLANG_CXX_LANGUAGE_STANDARD = "gnu++20";
				CLANG_ENABLE_MODULES = YES;
				CLANG_ENABLE_OBJC_ARC = YES;
				CLANG_ENABLE_OBJC_WEAK = YES;
				CLANG_WARN_BLOCK_CAPTURE_AUTORELEASING = YES;
				CLANG_WARN_BOOL_CONVERSION = YES;
				CLANG_WARN_COMMA = YES;
				CLANG_WARN_CONSTANT_CONVERSION = YES;
				CLANG_WARN_DEPRECATED_OBJC_IMPLEMENTATIONS = YES;
				CLANG_WARN_DIRECT_OBJC_ISA_USAGE = YES_ERROR;
				CLANG_WARN_DOCUMENTATION_COMMENTS = YES;
				CLANG_WARN_EMPTY_BODY = YES;
				CLANG_WARN_ENUM_CONVERSION = YES;
				CLANG_WARN_INFINITE_RECURSION = YES;
				CLANG_WARN_INT_CONVERSION = YES;
				CLANG_WARN_NON_LITERAL_NULL_CONVERSION = YES;
				CLANG_WARN_OBJC_IMPLICIT_RETAIN_SELF = YES;
				CLANG_WARN_OBJC_LITERAL_CONVERSION = YES;
				CLANG_WARN_OBJC_ROOT_CLASS = YES_ERROR;
				CLANG_WARN_QUOTED_INCLUDE_IN_FRAMEWORK_HEADER = YES;
				CLANG_WARN_RANGE_LOOP_ANALYSIS = YES;
				CLANG_WARN_STRICT_PROTOTYPES = YES;
				CLANG_WARN_SUSPICIOUS_MOVE = YES;
				CLANG_WARN_UNGUARDED_AVAILABILITY = YES_AGGRESSIVE;
				CLANG_WARN_UNREACHABLE_CODE = YES;
				CLANG_WARN__DUPLICATE_METHOD_MATCH = YES;
				COPY_PHASE_STRIP = NO;
				DEBUG_INFORMATION_FORMAT = dwarf;
				ENABLE_STRICT_OBJC_MSGSEND = YES;
				ENABLE_TESTABILITY = YES;
				GCC_C_LANGUAGE_STANDARD = gnu11;
				GCC_DYNAMIC_NO_PIC = NO;
				GCC_NO_COMMON_BLOCKS = YES;
				GCC_OPTIMIZATION_LEVEL = 0;
				GCC_PREPROCESSOR_DEFINITIONS = (
					"DEBUG=1",
					"$(inherited)",
				);
				GCC_WARN_64_TO_32_BIT_CONVERSION = YES;
				GCC_WARN_ABOUT_RETURN_TYPE = YES_ERROR;
				GCC_WARN_UNDECLARED_SELECTOR = YES;
				GCC_WARN_UNINITIALIZED_AUTOS = YES_AGGRESSIVE;
				GCC_WARN_UNUSED_FUNCTION = YES;
				GCC_WARN_UNUSED_VARIABLE = YES;
				IPHONEOS_DEPLOYMENT_TARGET = 16.2;
				MTL_ENABLE_DEBUG_INFO = INCLUDE_SOURCE;
				MTL_FAST_MATH = YES;
				ONLY_ACTIVE_ARCH = YES;
				SDKROOT = iphoneos;
				SWIFT_ACTIVE_COMPILATION_CONDITIONS = DEBUG;
				SWIFT_OPTIMIZATION_LEVEL = "-Onone";
			};
			name = Debug;
		};
		8AFFC84229940D44003CBB1F /* Release */ = {
			isa = XCBuildConfiguration;
			buildSettings = {
				ALWAYS_SEARCH_USER_PATHS = NO;
				CLANG_ANALYZER_NONNULL = YES;
				CLANG_ANALYZER_NUMBER_OBJECT_CONVERSION = YES_AGGRESSIVE;
				CLANG_CXX_LANGUAGE_STANDARD = "gnu++20";
				CLANG_ENABLE_MODULES = YES;
				CLANG_ENABLE_OBJC_ARC = YES;
				CLANG_ENABLE_OBJC_WEAK = YES;
				CLANG_WARN_BLOCK_CAPTURE_AUTORELEASING = YES;
				CLANG_WARN_BOOL_CONVERSION = YES;
				CLANG_WARN_COMMA = YES;
				CLANG_WARN_CONSTANT_CONVERSION = YES;
				CLANG_WARN_DEPRECATED_OBJC_IMPLEMENTATIONS = YES;
				CLANG_WARN_DIRECT_OBJC_ISA_USAGE = YES_ERROR;
				CLANG_WARN_DOCUMENTATION_COMMENTS = YES;
				CLANG_WARN_EMPTY_BODY = YES;
				CLANG_WARN_ENUM_CONVERSION = YES;
				CLANG_WARN_INFINITE_RECURSION = YES;
				CLANG_WARN_INT_CONVERSION = YES;
				CLANG_WARN_NON_LITERAL_NULL_CONVERSION = YES;
				CLANG_WARN_OBJC_IMPLICIT_RETAIN_SELF = YES;
				CLANG_WARN_OBJC_LITERAL_CONVERSION = YES;
				CLANG_WARN_OBJC_ROOT_CLASS = YES_ERROR;
				CLANG_WARN_QUOTED_INCLUDE_IN_FRAMEWORK_HEADER = YES;
				CLANG_WARN_RANGE_LOOP_ANALYSIS = YES;
				CLANG_WARN_STRICT_PROTOTYPES = YES;
				CLANG_WARN_SUSPICIOUS_MOVE = YES;
				CLANG_WARN_UNGUARDED_AVAILABILITY = YES_AGGRESSIVE;
				CLANG_WARN_UNREACHABLE_CODE = YES;
				CLANG_WARN__DUPLICATE_METHOD_MATCH = YES;
				COPY_PHASE_STRIP = NO;
				DEBUG_INFORMATION_FORMAT = "dwarf-with-dsym";
				ENABLE_NS_ASSERTIONS = NO;
				ENABLE_STRICT_OBJC_MSGSEND = YES;
				GCC_C_LANGUAGE_STANDARD = gnu11;
				GCC_NO_COMMON_BLOCKS = YES;
				GCC_WARN_64_TO_32_BIT_CONVERSION = YES;
				GCC_WARN_ABOUT_RETURN_TYPE = YES_ERROR;
				GCC_WARN_UNDECLARED_SELECTOR = YES;
				GCC_WARN_UNINITIALIZED_AUTOS = YES_AGGRESSIVE;
				GCC_WARN_UNUSED_FUNCTION = YES;
				GCC_WARN_UNUSED_VARIABLE = YES;
				IPHONEOS_DEPLOYMENT_TARGET = 16.2;
				MTL_ENABLE_DEBUG_INFO = NO;
				MTL_FAST_MATH = YES;
				SDKROOT = iphoneos;
				SWIFT_COMPILATION_MODE = wholemodule;
				SWIFT_OPTIMIZATION_LEVEL = "-O";
				VALIDATE_PRODUCT = YES;
			};
			name = Release;
		};
		8AFFC84429940D44003CBB1F /* Debug */ = {
			isa = XCBuildConfiguration;
			buildSettings = {
				ASSETCATALOG_COMPILER_APPICON_NAME = AppIcon;
				ASSETCATALOG_COMPILER_GLOBAL_ACCENT_COLOR_NAME = AccentColor;
				CODE_SIGN_STYLE = Automatic;
				CURRENT_PROJECT_VERSION = 1;
				DEVELOPMENT_ASSET_PATHS = "\"MiniKeepsafe/Preview Content\"";
				ENABLE_PREVIEWS = YES;
				GENERATE_INFOPLIST_FILE = YES;
				INFOPLIST_KEY_UIApplicationSceneManifest_Generation = YES;
				INFOPLIST_KEY_UIApplicationSupportsIndirectInputEvents = YES;
				INFOPLIST_KEY_UILaunchScreen_Generation = YES;
				INFOPLIST_KEY_UISupportedInterfaceOrientations_iPad = "UIInterfaceOrientationPortrait UIInterfaceOrientationPortraitUpsideDown UIInterfaceOrientationLandscapeLeft UIInterfaceOrientationLandscapeRight";
				INFOPLIST_KEY_UISupportedInterfaceOrientations_iPhone = "UIInterfaceOrientationPortrait UIInterfaceOrientationLandscapeLeft UIInterfaceOrientationLandscapeRight";
				LD_RUNPATH_SEARCH_PATHS = (
					"$(inherited)",
					"@executable_path/Frameworks",
				);
				MARKETING_VERSION = 1.0;
				PRODUCT_BUNDLE_IDENTIFIER = peteralt.MiniKeepsafe;
				PRODUCT_NAME = "$(TARGET_NAME)";
				SWIFT_EMIT_LOC_STRINGS = YES;
				SWIFT_VERSION = 5.0;
				TARGETED_DEVICE_FAMILY = "1,2";
			};
			name = Debug;
		};
		8AFFC84529940D44003CBB1F /* Release */ = {
			isa = XCBuildConfiguration;
			buildSettings = {
				ASSETCATALOG_COMPILER_APPICON_NAME = AppIcon;
				ASSETCATALOG_COMPILER_GLOBAL_ACCENT_COLOR_NAME = AccentColor;
				CODE_SIGN_STYLE = Automatic;
				CURRENT_PROJECT_VERSION = 1;
				DEVELOPMENT_ASSET_PATHS = "\"MiniKeepsafe/Preview Content\"";
				ENABLE_PREVIEWS = YES;
				GENERATE_INFOPLIST_FILE = YES;
				INFOPLIST_KEY_UIApplicationSceneManifest_Generation = YES;
				INFOPLIST_KEY_UIApplicationSupportsIndirectInputEvents = YES;
				INFOPLIST_KEY_UILaunchScreen_Generation = YES;
				INFOPLIST_KEY_UISupportedInterfaceOrientations_iPad = "UIInterfaceOrientationPortrait UIInterfaceOrientationPortraitUpsideDown UIInterfaceOrientationLandscapeLeft UIInterfaceOrientationLandscapeRight";
				INFOPLIST_KEY_UISupportedInterfaceOrientations_iPhone = "UIInterfaceOrientationPortrait UIInterfaceOrientationLandscapeLeft UIInterfaceOrientationLandscapeRight";
				LD_RUNPATH_SEARCH_PATHS = (
					"$(inherited)",
					"@executable_path/Frameworks",
				);
				MARKETING_VERSION = 1.0;
				PRODUCT_BUNDLE_IDENTIFIER = peteralt.MiniKeepsafe;
				PRODUCT_NAME = "$(TARGET_NAME)";
				SWIFT_EMIT_LOC_STRINGS = YES;
				SWIFT_VERSION = 5.0;
				TARGETED_DEVICE_FAMILY = "1,2";
			};
			name = Release;
		};
		8AFFC84729940D44003CBB1F /* Debug */ = {
			isa = XCBuildConfiguration;
			buildSettings = {
				ALWAYS_EMBED_SWIFT_STANDARD_LIBRARIES = YES;
				BUNDLE_LOADER = "$(TEST_HOST)";
				CODE_SIGN_STYLE = Automatic;
				CURRENT_PROJECT_VERSION = 1;
				GENERATE_INFOPLIST_FILE = YES;
				IPHONEOS_DEPLOYMENT_TARGET = 16.2;
				MARKETING_VERSION = 1.0;
				PRODUCT_BUNDLE_IDENTIFIER = peteralt.MiniKeepsafeTests;
				PRODUCT_NAME = "$(TARGET_NAME)";
				SWIFT_EMIT_LOC_STRINGS = NO;
				SWIFT_VERSION = 5.0;
				TARGETED_DEVICE_FAMILY = "1,2";
				TEST_HOST = "$(BUILT_PRODUCTS_DIR)/MiniKeepsafe.app/$(BUNDLE_EXECUTABLE_FOLDER_PATH)/MiniKeepsafe";
			};
			name = Debug;
		};
		8AFFC84829940D44003CBB1F /* Release */ = {
			isa = XCBuildConfiguration;
			buildSettings = {
				ALWAYS_EMBED_SWIFT_STANDARD_LIBRARIES = YES;
				BUNDLE_LOADER = "$(TEST_HOST)";
				CODE_SIGN_STYLE = Automatic;
				CURRENT_PROJECT_VERSION = 1;
				GENERATE_INFOPLIST_FILE = YES;
				IPHONEOS_DEPLOYMENT_TARGET = 16.2;
				MARKETING_VERSION = 1.0;
				PRODUCT_BUNDLE_IDENTIFIER = peteralt.MiniKeepsafeTests;
				PRODUCT_NAME = "$(TARGET_NAME)";
				SWIFT_EMIT_LOC_STRINGS = NO;
				SWIFT_VERSION = 5.0;
				TARGETED_DEVICE_FAMILY = "1,2";
				TEST_HOST = "$(BUILT_PRODUCTS_DIR)/MiniKeepsafe.app/$(BUNDLE_EXECUTABLE_FOLDER_PATH)/MiniKeepsafe";
			};
			name = Release;
		};
		8AFFC84A29940D44003CBB1F /* Debug */ = {
			isa = XCBuildConfiguration;
			buildSettings = {
				ALWAYS_EMBED_SWIFT_STANDARD_LIBRARIES = YES;
				CODE_SIGN_STYLE = Automatic;
				CURRENT_PROJECT_VERSION = 1;
				GENERATE_INFOPLIST_FILE = YES;
				MARKETING_VERSION = 1.0;
				PRODUCT_BUNDLE_IDENTIFIER = peteralt.MiniKeepsafeUITests;
				PRODUCT_NAME = "$(TARGET_NAME)";
				SWIFT_EMIT_LOC_STRINGS = NO;
				SWIFT_VERSION = 5.0;
				TARGETED_DEVICE_FAMILY = "1,2";
				TEST_TARGET_NAME = MiniKeepsafe;
			};
			name = Debug;
		};
		8AFFC84B29940D44003CBB1F /* Release */ = {
			isa = XCBuildConfiguration;
			buildSettings = {
				ALWAYS_EMBED_SWIFT_STANDARD_LIBRARIES = YES;
				CODE_SIGN_STYLE = Automatic;
				CURRENT_PROJECT_VERSION = 1;
				GENERATE_INFOPLIST_FILE = YES;
				MARKETING_VERSION = 1.0;
				PRODUCT_BUNDLE_IDENTIFIER = peteralt.MiniKeepsafeUITests;
				PRODUCT_NAME = "$(TARGET_NAME)";
				SWIFT_EMIT_LOC_STRINGS = NO;
				SWIFT_VERSION = 5.0;
				TARGETED_DEVICE_FAMILY = "1,2";
				TEST_TARGET_NAME = MiniKeepsafe;
			};
			name = Release;
		};
/* End XCBuildConfiguration section */

/* Begin XCConfigurationList section */
		8AFFC81A29940D43003CBB1F /* Build configuration list for PBXProject "MiniKeepsafe" */ = {
			isa = XCConfigurationList;
			buildConfigurations = (
				8AFFC84129940D44003CBB1F /* Debug */,
				8AFFC84229940D44003CBB1F /* Release */,
			);
			defaultConfigurationIsVisible = 0;
			defaultConfigurationName = Release;
		};
		8AFFC84329940D44003CBB1F /* Build configuration list for PBXNativeTarget "MiniKeepsafe" */ = {
			isa = XCConfigurationList;
			buildConfigurations = (
				8AFFC84429940D44003CBB1F /* Debug */,
				8AFFC84529940D44003CBB1F /* Release */,
			);
			defaultConfigurationIsVisible = 0;
			defaultConfigurationName = Release;
		};
		8AFFC84629940D44003CBB1F /* Build configuration list for PBXNativeTarget "MiniKeepsafeTests" */ = {
			isa = XCConfigurationList;
			buildConfigurations = (
				8AFFC84729940D44003CBB1F /* Debug */,
				8AFFC84829940D44003CBB1F /* Release */,
			);
			defaultConfigurationIsVisible = 0;
			defaultConfigurationName = Release;
		};
		8AFFC84929940D44003CBB1F /* Build configuration list for PBXNativeTarget "MiniKeepsafeUITests" */ = {
			isa = XCConfigurationList;
			buildConfigurations = (
				8AFFC84A29940D44003CBB1F /* Debug */,
				8AFFC84B29940D44003CBB1F /* Release */,
			);
			defaultConfigurationIsVisible = 0;
			defaultConfigurationName = Release;
		};
/* End XCConfigurationList section */

/* Begin XCRemoteSwiftPackageReference section */
		8AFFC85029940E73003CBB1F /* XCRemoteSwiftPackageReference "swift-composable-architecture" */ = {
			isa = XCRemoteSwiftPackageReference;
			repositoryURL = "https://github.com/pointfreeco/swift-composable-architecture.git";
			requirement = {
				kind = upToNextMajorVersion;
				minimumVersion = 0.9.0;
			};
		};
/* End XCRemoteSwiftPackageReference section */

/* Begin XCSwiftPackageProductDependency section */
		8AFFC85129940E73003CBB1F /* ComposableArchitecture */ = {
			isa = XCSwiftPackageProductDependency;
			package = 8AFFC85029940E73003CBB1F /* XCRemoteSwiftPackageReference "swift-composable-architecture" */;
			productName = ComposableArchitecture;
		};
/* End XCSwiftPackageProductDependency section */
	};
	rootObject = 8AFFC81729940D43003CBB1F /* Project object */;
}
